// !$*UTF8*$!
{
	archiveVersion = 1;
	classes = {
	};
	objectVersion = 56;
	objects = {

/* Begin PBXBuildFile section */
		3D1A676C2B9A45E700F2F8EC /* my_todoApp.swift in Sources */ = {isa = PBXBuildFile; fileRef = 3D1A676B2B9A45E700F2F8EC /* my_todoApp.swift */; };
		3D1A676E2B9A45E700F2F8EC /* ContentView.swift in Sources */ = {isa = PBXBuildFile; fileRef = 3D1A676D2B9A45E700F2F8EC /* ContentView.swift */; };
		3D1A67702B9A45E800F2F8EC /* Assets.xcassets in Resources */ = {isa = PBXBuildFile; fileRef = 3D1A676F2B9A45E800F2F8EC /* Assets.xcassets */; };
		3D1A67732B9A45E800F2F8EC /* Preview Assets.xcassets in Resources */ = {isa = PBXBuildFile; fileRef = 3D1A67722B9A45E800F2F8EC /* Preview Assets.xcassets */; };
		3D1A677E2B9A48EC00F2F8EC /* modelData.swift in Sources */ = {isa = PBXBuildFile; fileRef = 3D1A677D2B9A48EC00F2F8EC /* modelData.swift */; };
		3D1A67822B9A580700F2F8EC /* addTaskView.swift in Sources */ = {isa = PBXBuildFile; fileRef = 3D1A67812B9A580700F2F8EC /* addTaskView.swift */; };
		3D4B547F2B9A73160055C6AB /* listRow.swift in Sources */ = {isa = PBXBuildFile; fileRef = 3D4B547E2B9A73160055C6AB /* listRow.swift */; };
		3D4B54822B9A81390055C6AB /* listModel.swift in Sources */ = {isa = PBXBuildFile; fileRef = 3D4B54812B9A81390055C6AB /* listModel.swift */; };
/* End PBXBuildFile section */

/* Begin PBXFileReference section */
		3D1A67682B9A45E700F2F8EC /* my-todo.app */ = {isa = PBXFileReference; explicitFileType = wrapper.application; includeInIndex = 0; path = "my-todo.app"; sourceTree = BUILT_PRODUCTS_DIR; };
		3D1A676B2B9A45E700F2F8EC /* my_todoApp.swift */ = {isa = PBXFileReference; lastKnownFileType = sourcecode.swift; path = my_todoApp.swift; sourceTree = "<group>"; };
		3D1A676D2B9A45E700F2F8EC /* ContentView.swift */ = {isa = PBXFileReference; lastKnownFileType = sourcecode.swift; path = ContentView.swift; sourceTree = "<group>"; };
		3D1A676F2B9A45E800F2F8EC /* Assets.xcassets */ = {isa = PBXFileReference; lastKnownFileType = folder.assetcatalog; path = Assets.xcassets; sourceTree = "<group>"; };
		3D1A67722B9A45E800F2F8EC /* Preview Assets.xcassets */ = {isa = PBXFileReference; lastKnownFileType = folder.assetcatalog; path = "Preview Assets.xcassets"; sourceTree = "<group>"; };
		3D1A677D2B9A48EC00F2F8EC /* modelData.swift */ = {isa = PBXFileReference; lastKnownFileType = sourcecode.swift; path = modelData.swift; sourceTree = "<group>"; };
		3D1A67812B9A580700F2F8EC /* addTaskView.swift */ = {isa = PBXFileReference; lastKnownFileType = sourcecode.swift; path = addTaskView.swift; sourceTree = "<group>"; };
		3D4B547E2B9A73160055C6AB /* listRow.swift */ = {isa = PBXFileReference; lastKnownFileType = sourcecode.swift; path = listRow.swift; sourceTree = "<group>"; };
		3D4B54812B9A81390055C6AB /* listModel.swift */ = {isa = PBXFileReference; lastKnownFileType = sourcecode.swift; path = listModel.swift; sourceTree = "<group>"; };
/* End PBXFileReference section */

/* Begin PBXFrameworksBuildPhase section */
		3D1A67652B9A45E700F2F8EC /* Frameworks */ = {
			isa = PBXFrameworksBuildPhase;
			buildActionMask = 2147483647;
			files = (
			);
			runOnlyForDeploymentPostprocessing = 0;
		};
/* End PBXFrameworksBuildPhase section */

/* Begin PBXGroup section */
		3D1A675F2B9A45E700F2F8EC = {
			isa = PBXGroup;
			children = (
				3D1A676A2B9A45E700F2F8EC /* my-todo */,
				3D1A67692B9A45E700F2F8EC /* Products */,
			);
			sourceTree = "<group>";
		};
		3D1A67692B9A45E700F2F8EC /* Products */ = {
			isa = PBXGroup;
			children = (
				3D1A67682B9A45E700F2F8EC /* my-todo.app */,
			);
			name = Products;
			sourceTree = "<group>";
		};
		3D1A676A2B9A45E700F2F8EC /* my-todo */ = {
			isa = PBXGroup;
			children = (
				3D4B54802B9A811A0055C6AB /* ViewModel */,
				3D1A677C2B9A48CE00F2F8EC /* model */,
				3D1A67792B9A488400F2F8EC /* views */,
				3D1A676B2B9A45E700F2F8EC /* my_todoApp.swift */,
				3D1A676D2B9A45E700F2F8EC /* ContentView.swift */,
				3D1A67712B9A45E800F2F8EC /* Preview Content */,
			);
			path = "my-todo";
			sourceTree = "<group>";
		};
		3D1A67712B9A45E800F2F8EC /* Preview Content */ = {
			isa = PBXGroup;
			children = (
				3D1A676F2B9A45E800F2F8EC /* Assets.xcassets */,
				3D1A67722B9A45E800F2F8EC /* Preview Assets.xcassets */,
			);
			path = "Preview Content";
			sourceTree = "<group>";
		};
		3D1A67792B9A488400F2F8EC /* views */ = {
			isa = PBXGroup;
			children = (
				3D1A67812B9A580700F2F8EC /* addTaskView.swift */,
				3D4B547E2B9A73160055C6AB /* listRow.swift */,
			);
			path = views;
			sourceTree = "<group>";
		};
		3D1A677C2B9A48CE00F2F8EC /* model */ = {
			isa = PBXGroup;
			children = (
				3D1A677D2B9A48EC00F2F8EC /* modelData.swift */,
			);
			path = model;
			sourceTree = "<group>";
		};
		3D4B54802B9A811A0055C6AB /* ViewModel */ = {
			isa = PBXGroup;
			children = (
				3D4B54812B9A81390055C6AB /* listModel.swift */,
			);
			path = ViewModel;
			sourceTree = "<group>";
		};
/* End PBXGroup section */

/* Begin PBXNativeTarget section */
		3D1A67672B9A45E700F2F8EC /* my-todo */ = {
			isa = PBXNativeTarget;
			buildConfigurationList = 3D1A67762B9A45E800F2F8EC /* Build configuration list for PBXNativeTarget "my-todo" */;
			buildPhases = (
				3D1A67642B9A45E700F2F8EC /* Sources */,
				3D1A67652B9A45E700F2F8EC /* Frameworks */,
				3D1A67662B9A45E700F2F8EC /* Resources */,
			);
			buildRules = (
			);
			dependencies = (
			);
			name = "my-todo";
			productName = "my-todo";
			productReference = 3D1A67682B9A45E700F2F8EC /* my-todo.app */;
			productType = "com.apple.product-type.application";
		};
/* End PBXNativeTarget section */

/* Begin PBXProject section */
		3D1A67602B9A45E700F2F8EC /* Project object */ = {
			isa = PBXProject;
			attributes = {
				BuildIndependentTargetsInParallel = 1;
				LastSwiftUpdateCheck = 1530;
				LastUpgradeCheck = 1530;
				TargetAttributes = {
					3D1A67672B9A45E700F2F8EC = {
						CreatedOnToolsVersion = 15.3;
					};
				};
			};
			buildConfigurationList = 3D1A67632B9A45E700F2F8EC /* Build configuration list for PBXProject "my-todo" */;
			compatibilityVersion = "Xcode 14.0";
			developmentRegion = en;
			hasScannedForEncodings = 0;
			knownRegions = (
				en,
				Base,
			);
			mainGroup = 3D1A675F2B9A45E700F2F8EC;
			productRefGroup = 3D1A67692B9A45E700F2F8EC /* Products */;
			projectDirPath = "";
			projectRoot = "";
			targets = (
				3D1A67672B9A45E700F2F8EC /* my-todo */,
			);
		};
/* End PBXProject section */

/* Begin PBXResourcesBuildPhase section */
		3D1A67662B9A45E700F2F8EC /* Resources */ = {
			isa = PBXResourcesBuildPhase;
			buildActionMask = 2147483647;
			files = (
				3D1A67732B9A45E800F2F8EC /* Preview Assets.xcassets in Resources */,
				3D1A67702B9A45E800F2F8EC /* Assets.xcassets in Resources */,
			);
			runOnlyForDeploymentPostprocessing = 0;
		};
/* End PBXResourcesBuildPhase section */

/* Begin PBXSourcesBuildPhase section */
		3D1A67642B9A45E700F2F8EC /* Sources */ = {
			isa = PBXSourcesBuildPhase;
			buildActionMask = 2147483647;
			files = (
				3D1A67822B9A580700F2F8EC /* addTaskView.swift in Sources */,
				3D4B54822B9A81390055C6AB /* listModel.swift in Sources */,
				3D4B547F2B9A73160055C6AB /* listRow.swift in Sources */,
				3D1A676E2B9A45E700F2F8EC /* ContentView.swift in Sources */,
				3D1A676C2B9A45E700F2F8EC /* my_todoApp.swift in Sources */,
				3D1A677E2B9A48EC00F2F8EC /* modelData.swift in Sources */,
			);
			runOnlyForDeploymentPostprocessing = 0;
		};
/* End PBXSourcesBuildPhase section */

/* Begin XCBuildConfiguration section */
		3D1A67742B9A45E800F2F8EC /* Debug */ = {
			isa = XCBuildConfiguration;
			buildSettings = {
				ALWAYS_SEARCH_USER_PATHS = NO;
				ASSETCATALOG_COMPILER_GENERATE_SWIFT_ASSET_SYMBOL_EXTENSIONS = YES;
				CLANG_ANALYZER_NONNULL = YES;
				CLANG_ANALYZER_NUMBER_OBJECT_CONVERSION = YES_AGGRESSIVE;
				CLANG_CXX_LANGUAGE_STANDARD = "gnu++20";
				CLANG_ENABLE_MODULES = YES;
				CLANG_ENABLE_OBJC_ARC = YES;
				CLANG_ENABLE_OBJC_WEAK = YES;
				CLANG_WARN_BLOCK_CAPTURE_AUTORELEASING = YES;
				CLANG_WARN_BOOL_CONVERSION = YES;
				CLANG_WARN_COMMA = YES;
				CLANG_WARN_CONSTANT_CONVERSION = YES;
				CLANG_WARN_DEPRECATED_OBJC_IMPLEMENTATIONS = YES;
				CLANG_WARN_DIRECT_OBJC_ISA_USAGE = YES_ERROR;
				CLANG_WARN_DOCUMENTATION_COMMENTS = YES;
				CLANG_WARN_EMPTY_BODY = YES;
				CLANG_WARN_ENUM_CONVERSION = YES;
				CLANG_WARN_INFINITE_RECURSION = YES;
				CLANG_WARN_INT_CONVERSION = YES;
				CLANG_WARN_NON_LITERAL_NULL_CONVERSION = YES;
				CLANG_WARN_OBJC_IMPLICIT_RETAIN_SELF = YES;
				CLANG_WARN_OBJC_LITERAL_CONVERSION = YES;
				CLANG_WARN_OBJC_ROOT_CLASS = YES_ERROR;
				CLANG_WARN_QUOTED_INCLUDE_IN_FRAMEWORK_HEADER = YES;
				CLANG_WARN_RANGE_LOOP_ANALYSIS = YES;
				CLANG_WARN_STRICT_PROTOTYPES = YES;
				CLANG_WARN_SUSPICIOUS_MOVE = YES;
				CLANG_WARN_UNGUARDED_AVAILABILITY = YES_AGGRESSIVE;
				CLANG_WARN_UNREACHABLE_CODE = YES;
				CLANG_WARN__DUPLICATE_METHOD_MATCH = YES;
				COPY_PHASE_STRIP = NO;
				DEBUG_INFORMATION_FORMAT = dwarf;
				ENABLE_STRICT_OBJC_MSGSEND = YES;
				ENABLE_TESTABILITY = YES;
				ENABLE_USER_SCRIPT_SANDBOXING = YES;
				GCC_C_LANGUAGE_STANDARD = gnu17;
				GCC_DYNAMIC_NO_PIC = NO;
				GCC_NO_COMMON_BLOCKS = YES;
				GCC_OPTIMIZATION_LEVEL = 0;
				GCC_PREPROCESSOR_DEFINITIONS = (
					"DEBUG=1",
					"$(inherited)",
				);
				GCC_WARN_64_TO_32_BIT_CONVERSION = YES;
				GCC_WARN_ABOUT_RETURN_TYPE = YES_ERROR;
				GCC_WARN_UNDECLARED_SELECTOR = YES;
				GCC_WARN_UNINITIALIZED_AUTOS = YES_AGGRESSIVE;
				GCC_WARN_UNUSED_FUNCTION = YES;
				GCC_WARN_UNUSED_VARIABLE = YES;
				IPHONEOS_DEPLOYMENT_TARGET = 17.4;
				LOCALIZATION_PREFERS_STRING_CATALOGS = YES;
				MTL_ENABLE_DEBUG_INFO = INCLUDE_SOURCE;
				MTL_FAST_MATH = YES;
				ONLY_ACTIVE_ARCH = YES;
				SDKROOT = iphoneos;
				SWIFT_ACTIVE_COMPILATION_CONDITIONS = "DEBUG $(inherited)";
				SWIFT_OPTIMIZATION_LEVEL = "-Onone";
			};
			name = Debug;
		};
		3D1A67752B9A45E800F2F8EC /* Release */ = {
			isa = XCBuildConfiguration;
			buildSettings = {
				ALWAYS_SEARCH_USER_PATHS = NO;
				ASSETCATALOG_COMPILER_GENERATE_SWIFT_ASSET_SYMBOL_EXTENSIONS = YES;
				CLANG_ANALYZER_NONNULL = YES;
				CLANG_ANALYZER_NUMBER_OBJECT_CONVERSION = YES_AGGRESSIVE;
				CLANG_CXX_LANGUAGE_STANDARD = "gnu++20";
				CLANG_ENABLE_MODULES = YES;
				CLANG_ENABLE_OBJC_ARC = YES;
				CLANG_ENABLE_OBJC_WEAK = YES;
				CLANG_WARN_BLOCK_CAPTURE_AUTORELEASING = YES;
				CLANG_WARN_BOOL_CONVERSION = YES;
				CLANG_WARN_COMMA = YES;
				CLANG_WARN_CONSTANT_CONVERSION = YES;
				CLANG_WARN_DEPRECATED_OBJC_IMPLEMENTATIONS = YES;
				CLANG_WARN_DIRECT_OBJC_ISA_USAGE = YES_ERROR;
				CLANG_WARN_DOCUMENTATION_COMMENTS = YES;
				CLANG_WARN_EMPTY_BODY = YES;
				CLANG_WARN_ENUM_CONVERSION = YES;
				CLANG_WARN_INFINITE_RECURSION = YES;
				CLANG_WARN_INT_CONVERSION = YES;
				CLANG_WARN_NON_LITERAL_NULL_CONVERSION = YES;
				CLANG_WARN_OBJC_IMPLICIT_RETAIN_SELF = YES;
				CLANG_WARN_OBJC_LITERAL_CONVERSION = YES;
				CLANG_WARN_OBJC_ROOT_CLASS = YES_ERROR;
				CLANG_WARN_QUOTED_INCLUDE_IN_FRAMEWORK_HEADER = YES;
				CLANG_WARN_RANGE_LOOP_ANALYSIS = YES;
				CLANG_WARN_STRICT_PROTOTYPES = YES;
				CLANG_WARN_SUSPICIOUS_MOVE = YES;
				CLANG_WARN_UNGUARDED_AVAILABILITY = YES_AGGRESSIVE;
				CLANG_WARN_UNREACHABLE_CODE = YES;
				CLANG_WARN__DUPLICATE_METHOD_MATCH = YES;
				COPY_PHASE_STRIP = NO;
				DEBUG_INFORMATION_FORMAT = "dwarf-with-dsym";
				ENABLE_NS_ASSERTIONS = NO;
				ENABLE_STRICT_OBJC_MSGSEND = YES;
				ENABLE_USER_SCRIPT_SANDBOXING = YES;
				GCC_C_LANGUAGE_STANDARD = gnu17;
				GCC_NO_COMMON_BLOCKS = YES;
				GCC_WARN_64_TO_32_BIT_CONVERSION = YES;
				GCC_WARN_ABOUT_RETURN_TYPE = YES_ERROR;
				GCC_WARN_UNDECLARED_SELECTOR = YES;
				GCC_WARN_UNINITIALIZED_AUTOS = YES_AGGRESSIVE;
				GCC_WARN_UNUSED_FUNCTION = YES;
				GCC_WARN_UNUSED_VARIABLE = YES;
				IPHONEOS_DEPLOYMENT_TARGET = 17.4;
				LOCALIZATION_PREFERS_STRING_CATALOGS = YES;
				MTL_ENABLE_DEBUG_INFO = NO;
				MTL_FAST_MATH = YES;
				SDKROOT = iphoneos;
				SWIFT_COMPILATION_MODE = wholemodule;
				VALIDATE_PRODUCT = YES;
			};
			name = Release;
		};
		3D1A67772B9A45E800F2F8EC /* Debug */ = {
			isa = XCBuildConfiguration;
			buildSettings = {
				ASSETCATALOG_COMPILER_APPICON_NAME = AppIcon;
				ASSETCATALOG_COMPILER_GLOBAL_ACCENT_COLOR_NAME = AccentColor;
				CODE_SIGN_STYLE = Automatic;
				CURRENT_PROJECT_VERSION = 1;
				DEVELOPMENT_ASSET_PATHS = "\"my-todo/Preview Content\"";
				ENABLE_PREVIEWS = YES;
				GENERATE_INFOPLIST_FILE = YES;
				INFOPLIST_KEY_UIApplicationSceneManifest_Generation = YES;
				INFOPLIST_KEY_UIApplicationSupportsIndirectInputEvents = YES;
				INFOPLIST_KEY_UILaunchScreen_Generation = YES;
				INFOPLIST_KEY_UISupportedInterfaceOrientations_iPad = "UIInterfaceOrientationPortrait UIInterfaceOrientationPortraitUpsideDown UIInterfaceOrientationLandscapeLeft UIInterfaceOrientationLandscapeRight";
				INFOPLIST_KEY_UISupportedInterfaceOrientations_iPhone = "UIInterfaceOrientationPortrait UIInterfaceOrientationLandscapeLeft UIInterfaceOrientationLandscapeRight";
				LD_RUNPATH_SEARCH_PATHS = (
					"$(inherited)",
					"@executable_path/Frameworks",
				);
				MARKETING_VERSION = 1.0;
				PRODUCT_BUNDLE_IDENTIFIER = "lab-Assignment.my-todo";
				PRODUCT_NAME = "$(TARGET_NAME)";
				SWIFT_EMIT_LOC_STRINGS = YES;
				SWIFT_VERSION = 5.0;
				TARGETED_DEVICE_FAMILY = "1,2";
			};
			name = Debug;
		};
		3D1A67782B9A45E800F2F8EC /* Release */ = {
			isa = XCBuildConfiguration;
			buildSettings = {
				ASSETCATALOG_COMPILER_APPICON_NAME = AppIcon;
				ASSETCATALOG_COMPILER_GLOBAL_ACCENT_COLOR_NAME = AccentColor;
				CODE_SIGN_STYLE = Automatic;
				CURRENT_PROJECT_VERSION = 1;
				DEVELOPMENT_ASSET_PATHS = "\"my-todo/Preview Content\"";
				ENABLE_PREVIEWS = YES;
				GENERATE_INFOPLIST_FILE = YES;
				INFOPLIST_KEY_UIApplicationSceneManifest_Generation = YES;
				INFOPLIST_KEY_UIApplicationSupportsIndirectInputEvents = YES;
				INFOPLIST_KEY_UILaunchScreen_Generation = YES;
				INFOPLIST_KEY_UISupportedInterfaceOrientations_iPad = "UIInterfaceOrientationPortrait UIInterfaceOrientationPortraitUpsideDown UIInterfaceOrientationLandscapeLeft UIInterfaceOrientationLandscapeRight";
				INFOPLIST_KEY_UISupportedInterfaceOrientations_iPhone = "UIInterfaceOrientationPortrait UIInterfaceOrientationLandscapeLeft UIInterfaceOrientationLandscapeRight";
				LD_RUNPATH_SEARCH_PATHS = (
					"$(inherited)",
					"@executable_path/Frameworks",
				);
				MARKETING_VERSION = 1.0;
				PRODUCT_BUNDLE_IDENTIFIER = "lab-Assignment.my-todo";
				PRODUCT_NAME = "$(TARGET_NAME)";
				SWIFT_EMIT_LOC_STRINGS = YES;
				SWIFT_VERSION = 5.0;
				TARGETED_DEVICE_FAMILY = "1,2";
			};
			name = Release;
		};
/* End XCBuildConfiguration section */

/* Begin XCConfigurationList section */
		3D1A67632B9A45E700F2F8EC /* Build configuration list for PBXProject "my-todo" */ = {
			isa = XCConfigurationList;
			buildConfigurations = (
				3D1A67742B9A45E800F2F8EC /* Debug */,
				3D1A67752B9A45E800F2F8EC /* Release */,
			);
			defaultConfigurationIsVisible = 0;
			defaultConfigurationName = Release;
		};
		3D1A67762B9A45E800F2F8EC /* Build configuration list for PBXNativeTarget "my-todo" */ = {
			isa = XCConfigurationList;
			buildConfigurations = (
				3D1A67772B9A45E800F2F8EC /* Debug */,
				3D1A67782B9A45E800F2F8EC /* Release */,
			);
			defaultConfigurationIsVisible = 0;
			defaultConfigurationName = Release;
		};
/* End XCConfigurationList section */
	};
	rootObject = 3D1A67602B9A45E700F2F8EC /* Project object */;
}
